{
  "name": "manage-inactive-groups",
  "version": "1.0.0",
  "lockfileVersion": 3,
  "requires": true,
  "packages": {
    "": {
      "name": "manage-inactive-groups",
      "version": "1.0.0",
      "dependencies": {
        "node-appwrite": "^19.0.0",
        "resend": "^6.0.3"
      },
      "devDependencies": {
        "@types/node": "^24.3.1",
        "typescript": "^5.9.2"
      }
    },
    "node_modules/@types/node": {
      "version": "24.3.3",
      "resolved": "https://registry.npmjs.org/@types/node/-/node-24.3.3.tgz",
      "integrity": "sha512-GKBNHjoNw3Kra1Qg5UXttsY5kiWMEfoHq2TmXb+b1rcm6N7B3wTrFYIf/oSZ1xNQ+hVVijgLkiDZh7jRRsh+Gw==",
      "dev": true,
      "dependencies": {
        "undici-types": "~7.10.0"
      }
    },
    "node_modules/node-appwrite": {
      "version": "19.0.0",
      "resolved": "https://registry.npmjs.org/node-appwrite/-/node-appwrite-19.0.0.tgz",
      "integrity": "sha512-Uk55z9OBRiI04GTo+WA5UsHzohtTmWUgzut5Q5lK4n5gWDC1H5HhSJdGJ0qk5RpW1OVvzU6RU9LNnZ4UWpiY+Q==",
      "dependencies": {
        "node-fetch-native-with-agent": "1.7.2"
      }
    },
    "node_modules/node-fetch-native-with-agent": {
      "version": "1.7.2",
      "resolved": "https://registry.npmjs.org/node-fetch-native-with-agent/-/node-fetch-native-with-agent-1.7.2.tgz",
      "integrity": "sha512-5MaOOCuJEvcckoz7/tjdx1M6OusOY6Xc5f459IaruGStWnKzlI1qpNgaAwmn4LmFYcsSlj+jBMk84wmmRxfk5g=="
    },
    "node_modules/resend": {
      "version": "6.0.3",
      "resolved": "https://registry.npmjs.org/resend/-/resend-6.0.3.tgz",
      "integrity": "sha512-Yb7o2n52v91LjkUjq5vIZQbJrGiaPoMo2VPAyS0QTKA73tmvHMUQ7P1M56J1ux/Cw9Lf68PeaKidTl6GuS8DTA==",
      "engines": {
        "node": ">=18"
      },
      "peerDependencies": {
        "@react-email/render": "^1.1.0"
      },
      "peerDependenciesMeta": {
        "@react-email/render": {
          "optional": true
        }
      }
    },
    "node_modules/typescript": {
      "version": "5.9.2",
      "resolved": "https://registry.npmjs.org/typescript/-/typescript-5.9.2.tgz",
      "integrity": "sha512-CWBzXQrc/qOkhidw1OzBTQuYRbfyxDXJMVJ1XNwUHGROVmuaeiEm3OslpZ1RV96d7SKKjZKrSJu3+t/xlw3R9A==",
      "dev": true,
      "bin": {
        "tsc": "bin/tsc",
        "tsserver": "bin/tsserver"
      },
      "engines": {
        "node": ">=14.17"
      }
    },
    "node_modules/undici-types": {
      "version": "7.10.0",
      "resolved": "https://registry.npmjs.org/undici-types/-/undici-types-7.10.0.tgz",
      "integrity": "sha512-t5Fy/nfn+14LuOc2KNYg75vZqClpAiqscVvMygNnlsHBFpSXdJaYtXMcdNLpl/Qvc3P2cB3s6lOV51nqsFq4ag==",
      "dev": true
    }
  }
}
